{"projectHash":"67f7d54bdd5f16ee15fcf715c75a0c8a1f1c90b6","productModuleName":"Marvel_HeroesTests","mockedTypeNames":["\/Users\/f.rosales.lopera\/Developer\/Marvel Heroes\/Marvel HeroesTests\/Marvel_HeroesTests.swift",[],"\/Users\/f.rosales.lopera\/Developer\/Marvel Heroes\/Marvel HeroesTests\/ViewModel\/MarvelApiTest.swift",[],"\/Users\/f.rosales.lopera\/Developer\/Marvel Heroes\/Marvel HeroesTests\/ViewModel\/DetailModelViewTest.swift",[]],"cliVersion":"0.17.0","configHash":"4a249464946fbf541cf0b77f6a3e675f5885d577","sourceRoot":"\/Users\/f.rosales.lopera\/Developer\/Marvel Heroes","sourceFilePaths":[{"path":"\/Users\/f.rosales.lopera\/Developer\/Marvel Heroes\/Marvel HeroesTests\/Marvel_HeroesTests.swift","hash":"5b26611a7186e9ce6aae7ea75c88bc8443ac3348"},{"path":"\/Users\/f.rosales.lopera\/Developer\/Marvel Heroes\/Marvel HeroesTests\/ViewModel\/DetailModelViewTest.swift","hash":"887a92d7acf53def414026a776634f7c41557051"},{"path":"\/Users\/f.rosales.lopera\/Developer\/Marvel Heroes\/Marvel HeroesTests\/ViewModel\/MarvelApiTest.swift","hash":"4fe7164e9c655469790a5c1deaa896af7c25c87f"},{"path":"\/Users\/f.rosales.lopera\/Developer\/Marvel Heroes\/MockingbirdMocks\/Marvel_HeroesTests-Marvel_HeroesMocks.generated.swift","hash":"40ac46324646eaa33c2678d2852c56fb75813cbe"}],"dependencies":[],"name":"Marvel HeroesTests"}