{"cliVersion":"0.17.0","productModuleName":"Marvel_Heroes","sourceFilePaths":[{"path":"\/Users\/f.rosales.lopera\/Developer\/Marvel Heroes\/Marvel Heroes\/AppDelegate.swift","hash":"ea562ef2fd6575443b66cbb32991316917edfa31"},{"path":"\/Users\/f.rosales.lopera\/Developer\/Marvel Heroes\/Marvel Heroes\/Managers\/Constants.swift","hash":"a46cc7b014f94fd78117c3de0fec419efee9f756"},{"path":"\/Users\/f.rosales.lopera\/Developer\/Marvel Heroes\/Marvel Heroes\/Managers\/MarvelAPI.swift","hash":"05eda7038a1810027b84b4f3c4c3e9beaeef5492"},{"path":"\/Users\/f.rosales.lopera\/Developer\/Marvel Heroes\/Marvel Heroes\/Managers\/SessionManager.swift","hash":"7c750443a34a704435df4379dfee312640093731"},{"path":"\/Users\/f.rosales.lopera\/Developer\/Marvel Heroes\/Marvel Heroes\/Model\/CharacterTableViewCell.swift","hash":"98c73472faa8c13bf20a37b63d60e2e806a5fc55"},{"path":"\/Users\/f.rosales.lopera\/Developer\/Marvel Heroes\/Marvel Heroes\/Model\/Entities\/Character.swift","hash":"eb4ee479c9c6fd64888662a360fcc66eebd87333"},{"path":"\/Users\/f.rosales.lopera\/Developer\/Marvel Heroes\/Marvel Heroes\/Model\/Entities\/Image.swift","hash":"e58992b9d7b355c5aff4277035eb34093bc35891"},{"path":"\/Users\/f.rosales.lopera\/Developer\/Marvel Heroes\/Marvel Heroes\/Model\/Entities\/MarvelClasses.swift","hash":"2e55d140758ab4b08531e0617743e49dd5203112"},{"path":"\/Users\/f.rosales.lopera\/Developer\/Marvel Heroes\/Marvel Heroes\/SceneDelegate.swift","hash":"7264ab4690e7bd819a9605431af18d567e3d41d1"},{"path":"\/Users\/f.rosales.lopera\/Developer\/Marvel Heroes\/Marvel Heroes\/UIView Extension.swift","hash":"c29bf407e42fe0af900ebe9deac35beae87915b6"},{"path":"\/Users\/f.rosales.lopera\/Developer\/Marvel Heroes\/Marvel Heroes\/View\/Detail\/DetailViewController.swift","hash":"c4c011a68875e855e6b4cdd361b4e802a43eccc6"},{"path":"\/Users\/f.rosales.lopera\/Developer\/Marvel Heroes\/Marvel Heroes\/View\/Home\/HomeViewController + TableView.swift","hash":"d470a8c79ae06a9397c57156622d44e5c028ac98"},{"path":"\/Users\/f.rosales.lopera\/Developer\/Marvel Heroes\/Marvel Heroes\/View\/Home\/HomeViewController + UISearchBar.swift","hash":"605822e05fa25b1776e9e179e6964c89c74b7a6d"},{"path":"\/Users\/f.rosales.lopera\/Developer\/Marvel Heroes\/Marvel Heroes\/View\/Home\/ViewController.swift","hash":"5629a78da02361a308bef93bc08b5b2cd13ad88d"},{"path":"\/Users\/f.rosales.lopera\/Developer\/Marvel Heroes\/Marvel Heroes\/View\/Loading\/LoaderView.swift","hash":"bbb81a8dfe5259e6f7b80fb92b0faa2487efbd8b"},{"path":"\/Users\/f.rosales.lopera\/Developer\/Marvel Heroes\/Marvel Heroes\/ViewModel\/DetailViewModel.swift","hash":"e1fb2cefb5f211d25b5b7d4fe72116a103a5be20"},{"path":"\/Users\/f.rosales.lopera\/Developer\/Marvel Heroes\/Marvel Heroes\/ViewModel\/MarvelViewModel.swift","hash":"286882d59e7745ad364138056b780aa93a271ce9"}],"configHash":"4a249464946fbf541cf0b77f6a3e675f5885d577","dependencyPathsHash":"203b0e64184aa8b61224eacdaf7316b9ac978a06","targetPathsHash":"db0e1ce91e699559b01a23a5658c12bfc6f4a77c","mockedTypesHash":"da39a3ee5e6b4b0d3255bfef95601890afd80709","outputHash":"40ac46324646eaa33c2678d2852c56fb75813cbe","dependencies":[],"sourceRoot":"\/Users\/f.rosales.lopera\/Developer\/Marvel Heroes","supportingFilePaths":[{"path":"\/Users\/f.rosales.lopera\/Developer\/Marvel Heroes\/MockingbirdSupport\/AppKit\/NSResponder.swift","hash":"21296949c6d570892c8665a450e62c234c938790"},{"path":"\/Users\/f.rosales.lopera\/Developer\/Marvel Heroes\/MockingbirdSupport\/AppKit\/NSView.swift","hash":"85b3183be144012a7e105e292426c3d9f8966072"},{"path":"\/Users\/f.rosales.lopera\/Developer\/Marvel Heroes\/MockingbirdSupport\/AppKit\/NSViewController.swift","hash":"d8785e8a119f2723c8840534df0ad8ac61409797"},{"path":"\/Users\/f.rosales.lopera\/Developer\/Marvel Heroes\/MockingbirdSupport\/Foundation\/ObjectiveC\/NSObject.swift","hash":"cf466772b8c2d80d31f34b93b501b398fbb8854d"},{"path":"\/Users\/f.rosales.lopera\/Developer\/Marvel Heroes\/MockingbirdSupport\/Foundation\/ObjectiveC\/NSObject.swift","hash":"cf466772b8c2d80d31f34b93b501b398fbb8854d"},{"path":"\/Users\/f.rosales.lopera\/Developer\/Marvel Heroes\/MockingbirdSupport\/Swift\/Codable.swift","hash":"57675d8b36a2db7b093b3542bd3225a88992c3bc"},{"path":"\/Users\/f.rosales.lopera\/Developer\/Marvel Heroes\/MockingbirdSupport\/Swift\/Comparable.swift","hash":"d0d110744eeaf2f8fdd2f8a41df3452f35286bb7"},{"path":"\/Users\/f.rosales.lopera\/Developer\/Marvel Heroes\/MockingbirdSupport\/Swift\/Equatable.swift","hash":"2e7674f4e23a5ab7aef45b91b63c0ed5934c3b83"},{"path":"\/Users\/f.rosales.lopera\/Developer\/Marvel Heroes\/MockingbirdSupport\/Swift\/Hashable.swift","hash":"f59ec249aa03e312f2bda7c3b397c0dccd880a21"},{"path":"\/Users\/f.rosales.lopera\/Developer\/Marvel Heroes\/MockingbirdSupport\/Swift\/Misc.swift","hash":"c139249ec5799f1ec64c3d9e7d8c1f286b894035"},{"path":"\/Users\/f.rosales.lopera\/Developer\/Marvel Heroes\/MockingbirdSupport\/UIKit\/UIControl.swift","hash":"9363a4c38002598dbbc1198f16fe7198b8151d24"},{"path":"\/Users\/f.rosales.lopera\/Developer\/Marvel Heroes\/MockingbirdSupport\/UIKit\/UILabel.swift","hash":"e26a734695bfe008598ed0d8c936683db78f40ac"},{"path":"\/Users\/f.rosales.lopera\/Developer\/Marvel Heroes\/MockingbirdSupport\/UIKit\/UIView.swift","hash":"10e6b03a9c5a76f720c17fcb82af82ff66994926"},{"path":"\/Users\/f.rosales.lopera\/Developer\/Marvel Heroes\/MockingbirdSupport\/UIKit\/UIViewController.swift","hash":"bbd8980a22029f339b0e8746124fd06d94730570"}],"name":"Marvel Heroes","projectHash":"67f7d54bdd5f16ee15fcf715c75a0c8a1f1c90b6"}