{"projectHash":"431bd780879079466fe9532dfc616a12ee577aee","productModuleName":"Marvel_HeroesTests","mockedTypeNames":["\/Users\/f.rosales.lopera\/Developer\/Marvel Heroes\/Marvel HeroesTests\/ViewModel\/MarvelApiTest.swift",[],"\/Users\/f.rosales.lopera\/Developer\/Marvel Heroes\/Marvel HeroesTests\/ViewModel\/DetailModelViewTest.swift",[],"\/Users\/f.rosales.lopera\/Developer\/Marvel Heroes\/Marvel HeroesTests\/Marvel_HeroesTests.swift",[]],"cliVersion":"0.17.0","configHash":"4a249464946fbf541cf0b77f6a3e675f5885d577","sourceRoot":"\/Users\/f.rosales.lopera\/Developer\/Marvel Heroes","sourceFilePaths":[{"path":"\/Users\/f.rosales.lopera\/Developer\/Marvel Heroes\/Marvel HeroesTests\/Marvel_HeroesTests.swift","hash":"5b26611a7186e9ce6aae7ea75c88bc8443ac3348"},{"path":"\/Users\/f.rosales.lopera\/Developer\/Marvel Heroes\/Marvel HeroesTests\/ViewModel\/DetailModelViewTest.swift","hash":"887a92d7acf53def414026a776634f7c41557051"},{"path":"\/Users\/f.rosales.lopera\/Developer\/Marvel Heroes\/Marvel HeroesTests\/ViewModel\/MarvelApiTest.swift","hash":"8744c6673986d0840c004fe4bafc91321fa7ba35"},{"path":"\/Users\/f.rosales.lopera\/Developer\/Marvel Heroes\/MockingbirdMocks\/Marvel_HeroesTests-Marvel_HeroesMocks.generated.swift","hash":"40ac46324646eaa33c2678d2852c56fb75813cbe"}],"dependencies":[],"name":"Marvel HeroesTests"}