{"cliVersion":"0.17.0","productModuleName":"Marvel_Heroes","sourceFilePaths":[{"path":"\/Users\/f.rosales.lopera\/Developer\/Marvel Heroes\/Marvel Heroes\/AppDelegate.swift","hash":"ea562ef2fd6575443b66cbb32991316917edfa31"},{"path":"\/Users\/f.rosales.lopera\/Developer\/Marvel Heroes\/Marvel Heroes\/Managers\/Constants.swift","hash":"35ac5e8484c69bcece5f8b6a74dc75f7dd47a436"},{"path":"\/Users\/f.rosales.lopera\/Developer\/Marvel Heroes\/Marvel Heroes\/Managers\/SessionManager.swift","hash":"fea2fd8e58d949d09b2358fac83900472a670695"},{"path":"\/Users\/f.rosales.lopera\/Developer\/Marvel Heroes\/Marvel Heroes\/Model\/CharacterTableViewCell.swift","hash":"a188bbaa1e2aba01c15f0a41774de4fde2500651"},{"path":"\/Users\/f.rosales.lopera\/Developer\/Marvel Heroes\/Marvel Heroes\/Model\/Entities\/Character.swift","hash":"eb4ee479c9c6fd64888662a360fcc66eebd87333"},{"path":"\/Users\/f.rosales.lopera\/Developer\/Marvel Heroes\/Marvel Heroes\/Model\/Entities\/Image.swift","hash":"e58992b9d7b355c5aff4277035eb34093bc35891"},{"path":"\/Users\/f.rosales.lopera\/Developer\/Marvel Heroes\/Marvel Heroes\/Model\/Entities\/MarvelClasses.swift","hash":"b6b8f2a19ed40c54f5e3340813a61fe3c52d2b6f"},{"path":"\/Users\/f.rosales.lopera\/Developer\/Marvel Heroes\/Marvel Heroes\/SceneDelegate.swift","hash":"7264ab4690e7bd819a9605431af18d567e3d41d1"},{"path":"\/Users\/f.rosales.lopera\/Developer\/Marvel Heroes\/Marvel Heroes\/UIView Extension.swift","hash":"218bbe7839d0d16f04a7a524697036a1087fbd0d"},{"path":"\/Users\/f.rosales.lopera\/Developer\/Marvel Heroes\/Marvel Heroes\/View\/Detail\/DetailViewController.swift","hash":"e579485d8bcf18e8ad5b323233adb62b9c9b3a86"},{"path":"\/Users\/f.rosales.lopera\/Developer\/Marvel Heroes\/Marvel Heroes\/View\/Home\/HomeViewController + TableView.swift","hash":"5c7a5a04cbc6ebd383b9c9a9ba002d65e57f96a0"},{"path":"\/Users\/f.rosales.lopera\/Developer\/Marvel Heroes\/Marvel Heroes\/View\/Home\/HomeViewController + UISearchBar.swift","hash":"8271a3fce8c5359eb5827ae8f8be10283026945e"},{"path":"\/Users\/f.rosales.lopera\/Developer\/Marvel Heroes\/Marvel Heroes\/View\/Home\/ViewController.swift","hash":"b70556da09c1b46fa498a3db2f9dc2ea138b698f"},{"path":"\/Users\/f.rosales.lopera\/Developer\/Marvel Heroes\/Marvel Heroes\/View\/Loading\/LoaderView.swift","hash":"a74c86947801906e5a734ec54570de514faecac7"},{"path":"\/Users\/f.rosales.lopera\/Developer\/Marvel Heroes\/Marvel Heroes\/ViewModel\/MarvelAPI.swift","hash":"bfe4a4a24075bca05a4b30cadde8820588c7766d"}],"configHash":"4a249464946fbf541cf0b77f6a3e675f5885d577","dependencyPathsHash":"203b0e64184aa8b61224eacdaf7316b9ac978a06","targetPathsHash":"ef518f81199d749f640279a7db778e7972f6b1d8","mockedTypesHash":"da39a3ee5e6b4b0d3255bfef95601890afd80709","outputHash":"40ac46324646eaa33c2678d2852c56fb75813cbe","dependencies":[],"sourceRoot":"\/Users\/f.rosales.lopera\/Developer\/Marvel Heroes","supportingFilePaths":[{"path":"\/Users\/f.rosales.lopera\/Developer\/Marvel Heroes\/MockingbirdSupport\/AppKit\/NSResponder.swift","hash":"21296949c6d570892c8665a450e62c234c938790"},{"path":"\/Users\/f.rosales.lopera\/Developer\/Marvel Heroes\/MockingbirdSupport\/AppKit\/NSView.swift","hash":"85b3183be144012a7e105e292426c3d9f8966072"},{"path":"\/Users\/f.rosales.lopera\/Developer\/Marvel Heroes\/MockingbirdSupport\/AppKit\/NSViewController.swift","hash":"d8785e8a119f2723c8840534df0ad8ac61409797"},{"path":"\/Users\/f.rosales.lopera\/Developer\/Marvel Heroes\/MockingbirdSupport\/Foundation\/ObjectiveC\/NSObject.swift","hash":"cf466772b8c2d80d31f34b93b501b398fbb8854d"},{"path":"\/Users\/f.rosales.lopera\/Developer\/Marvel Heroes\/MockingbirdSupport\/Foundation\/ObjectiveC\/NSObject.swift","hash":"cf466772b8c2d80d31f34b93b501b398fbb8854d"},{"path":"\/Users\/f.rosales.lopera\/Developer\/Marvel Heroes\/MockingbirdSupport\/Swift\/Codable.swift","hash":"57675d8b36a2db7b093b3542bd3225a88992c3bc"},{"path":"\/Users\/f.rosales.lopera\/Developer\/Marvel Heroes\/MockingbirdSupport\/Swift\/Comparable.swift","hash":"d0d110744eeaf2f8fdd2f8a41df3452f35286bb7"},{"path":"\/Users\/f.rosales.lopera\/Developer\/Marvel Heroes\/MockingbirdSupport\/Swift\/Equatable.swift","hash":"2e7674f4e23a5ab7aef45b91b63c0ed5934c3b83"},{"path":"\/Users\/f.rosales.lopera\/Developer\/Marvel Heroes\/MockingbirdSupport\/Swift\/Hashable.swift","hash":"f59ec249aa03e312f2bda7c3b397c0dccd880a21"},{"path":"\/Users\/f.rosales.lopera\/Developer\/Marvel Heroes\/MockingbirdSupport\/Swift\/Misc.swift","hash":"c139249ec5799f1ec64c3d9e7d8c1f286b894035"},{"path":"\/Users\/f.rosales.lopera\/Developer\/Marvel Heroes\/MockingbirdSupport\/UIKit\/UIControl.swift","hash":"9363a4c38002598dbbc1198f16fe7198b8151d24"},{"path":"\/Users\/f.rosales.lopera\/Developer\/Marvel Heroes\/MockingbirdSupport\/UIKit\/UILabel.swift","hash":"e26a734695bfe008598ed0d8c936683db78f40ac"},{"path":"\/Users\/f.rosales.lopera\/Developer\/Marvel Heroes\/MockingbirdSupport\/UIKit\/UIView.swift","hash":"10e6b03a9c5a76f720c17fcb82af82ff66994926"},{"path":"\/Users\/f.rosales.lopera\/Developer\/Marvel Heroes\/MockingbirdSupport\/UIKit\/UIViewController.swift","hash":"bbd8980a22029f339b0e8746124fd06d94730570"}],"name":"Marvel Heroes","projectHash":"2e6efbc6645919c404ac98d1c010a26b3eeaeda7"}